
Microsoft Visual Studio Solution File, Format Version 12.00
# Visual Studio Version 16
VisualStudioVersion = 16.0.29318.209
MinimumVisualStudioVersion = 10.0.40219.1
Project("{FAE04EC0-301F-11D3-BF4B-00C04F79EFBC}") = "PropertyGrid-Name-Description", "PropertyGrid-Name-Description.csproj", "{44915811-208C-4ADB-B966-F96C2F34649D}"
EndProject
Global
	GlobalSection(SolutionConfigurationPlatforms) = preSolution
		Debug|Any CPU = Debug|Any CPU
		Release|Any CPU = Release|Any CPU
	EndGlobalSection
	GlobalSection(ProjectConfigurationPlatforms) = postSolution
		{44915811-208C-4ADB-B966-F96C2F34649D}.Debug|Any CPU.ActiveCfg = Debug|Any CPU
		{44915811-208C-4ADB-B966-F96C2F34649D}.Debug|Any CPU.Build.0 = Debug|Any CPU
		{44915811-208C-4ADB-B966-F96C2F34649D}.Release|Any CPU.ActiveCfg = Release|Any CPU
		{44915811-208C-4ADB-B966-F96C2F34649D}.Release|Any CPU.Build.0 = Release|Any CPU
	EndGlobalSection
	GlobalSection(SolutionProperties) = preSolution
		HideSolutionNode = FALSE
	EndGlobalSection
	GlobalSection(ExtensibilityGlobals) = postSolution
		SolutionGuid = {F3C12C0E-DE73-42C3-9370-7AEC184ADD7B}
	EndGlobalSection
EndGlobal
