
Microsoft Visual Studio Solution File, Format Version 12.00
# Visual Studio Version 16
VisualStudioVersion = 16.0.29318.209
MinimumVisualStudioVersion = 10.0.40219.1
Project("{FAE04EC0-301F-11D3-BF4B-00C04F79EFBC}") = "PropertyGrid-FocusHandling", "PropertyGrid-FocusHandling.csproj", "{890D4395-68C1-43F8-8FB3-A5D853856AD9}"
EndProject
Global
	GlobalSection(SolutionConfigurationPlatforms) = preSolution
		Debug|Any CPU = Debug|Any CPU
		Release|Any CPU = Release|Any CPU
	EndGlobalSection
	GlobalSection(ProjectConfigurationPlatforms) = postSolution
		{890D4395-68C1-43F8-8FB3-A5D853856AD9}.Debug|Any CPU.ActiveCfg = Debug|Any CPU
		{890D4395-68C1-43F8-8FB3-A5D853856AD9}.Debug|Any CPU.Build.0 = Debug|Any CPU
		{890D4395-68C1-43F8-8FB3-A5D853856AD9}.Release|Any CPU.ActiveCfg = Release|Any CPU
		{890D4395-68C1-43F8-8FB3-A5D853856AD9}.Release|Any CPU.Build.0 = Release|Any CPU
	EndGlobalSection
	GlobalSection(SolutionProperties) = preSolution
		HideSolutionNode = FALSE
	EndGlobalSection
	GlobalSection(ExtensibilityGlobals) = postSolution
		SolutionGuid = {256879AE-BCA8-4E72-A529-70DF87572D5B}
	EndGlobalSection
EndGlobal
