
Microsoft Visual Studio Solution File, Format Version 12.00
# Visual Studio Version 16
VisualStudioVersion = 16.0.29613.14
MinimumVisualStudioVersion = 10.0.40219.1
Project("{FAE04EC0-301F-11D3-BF4B-00C04F79EFBC}") = "PropertyGrid-CategoryEditor", "PropertyGrid-CategoryEditor.csproj", "{E3B4833B-6EBD-4A40-9CFC-D99E7924C07A}"
EndProject
Global
	GlobalSection(SolutionConfigurationPlatforms) = preSolution
		Debug|Any CPU = Debug|Any CPU
		Release|Any CPU = Release|Any CPU
	EndGlobalSection
	GlobalSection(ProjectConfigurationPlatforms) = postSolution
		{E3B4833B-6EBD-4A40-9CFC-D99E7924C07A}.Debug|Any CPU.ActiveCfg = Debug|Any CPU
		{E3B4833B-6EBD-4A40-9CFC-D99E7924C07A}.Debug|Any CPU.Build.0 = Debug|Any CPU
		{E3B4833B-6EBD-4A40-9CFC-D99E7924C07A}.Release|Any CPU.ActiveCfg = Release|Any CPU
		{E3B4833B-6EBD-4A40-9CFC-D99E7924C07A}.Release|Any CPU.Build.0 = Release|Any CPU
	EndGlobalSection
	GlobalSection(SolutionProperties) = preSolution
		HideSolutionNode = FALSE
	EndGlobalSection
	GlobalSection(ExtensibilityGlobals) = postSolution
		SolutionGuid = {FEBD3AF5-2DD1-4231-B8D3-5916006A7325}
	EndGlobalSection
EndGlobal
