
Microsoft Visual Studio Solution File, Format Version 12.00
# Visual Studio Version 16
VisualStudioVersion = 16.0.30128.74
MinimumVisualStudioVersion = 10.0.40219.1
Project("{FAE04EC0-301F-11D3-BF4B-00C04F79EFBC}") = "CollectionEditorOpening", "CollectionEditorOpening.csproj", "{1CA0A5EA-8BFF-44D2-9B23-370E8D09C3DC}"
EndProject
Global
	GlobalSection(SolutionConfigurationPlatforms) = preSolution
		Debug|Any CPU = Debug|Any CPU
		Release|Any CPU = Release|Any CPU
	EndGlobalSection
	GlobalSection(ProjectConfigurationPlatforms) = postSolution
		{1CA0A5EA-8BFF-44D2-9B23-370E8D09C3DC}.Debug|Any CPU.ActiveCfg = Debug|Any CPU
		{1CA0A5EA-8BFF-44D2-9B23-370E8D09C3DC}.Debug|Any CPU.Build.0 = Debug|Any CPU
		{1CA0A5EA-8BFF-44D2-9B23-370E8D09C3DC}.Release|Any CPU.ActiveCfg = Release|Any CPU
		{1CA0A5EA-8BFF-44D2-9B23-370E8D09C3DC}.Release|Any CPU.Build.0 = Release|Any CPU
	EndGlobalSection
	GlobalSection(SolutionProperties) = preSolution
		HideSolutionNode = FALSE
	EndGlobalSection
	GlobalSection(ExtensibilityGlobals) = postSolution
		SolutionGuid = {8725D9D2-75E0-4A74-8689-A3BEB616F7E9}
	EndGlobalSection
EndGlobal
