
Microsoft Visual Studio Solution File, Format Version 12.00
# Visual Studio Version 16
VisualStudioVersion = 16.0.29926.136
MinimumVisualStudioVersion = 10.0.40219.1
Project("{FAE04EC0-301F-11D3-BF4B-00C04F79EFBC}") = "Attached-properties-example", "Attached-properties-example\Attached-properties-example.csproj", "{752007C5-6B0A-42F6-B20D-E47C137E2181}"
EndProject
Global
	GlobalSection(SolutionConfigurationPlatforms) = preSolution
		Debug|Any CPU = Debug|Any CPU
		Release|Any CPU = Release|Any CPU
	EndGlobalSection
	GlobalSection(ProjectConfigurationPlatforms) = postSolution
		{752007C5-6B0A-42F6-B20D-E47C137E2181}.Debug|Any CPU.ActiveCfg = Debug|Any CPU
		{752007C5-6B0A-42F6-B20D-E47C137E2181}.Debug|Any CPU.Build.0 = Debug|Any CPU
		{752007C5-6B0A-42F6-B20D-E47C137E2181}.Release|Any CPU.ActiveCfg = Release|Any CPU
		{752007C5-6B0A-42F6-B20D-E47C137E2181}.Release|Any CPU.Build.0 = Release|Any CPU
	EndGlobalSection
	GlobalSection(SolutionProperties) = preSolution
		HideSolutionNode = FALSE
	EndGlobalSection
	GlobalSection(ExtensibilityGlobals) = postSolution
		SolutionGuid = {F5B071EC-3888-4F2B-B6BC-46BFE094014A}
	EndGlobalSection
EndGlobal
