
Microsoft Visual Studio Solution File, Format Version 12.00
# Visual Studio Version 16
VisualStudioVersion = 16.0.30128.74
MinimumVisualStudioVersion = 10.0.40219.1
Project("{FAE04EC0-301F-11D3-BF4B-00C04F79EFBC}") = "Mask_Attributes", "Mask_Attributes.csproj", "{25755C61-8E46-47EB-A7EA-14A551FEAE68}"
EndProject
Global
	GlobalSection(SolutionConfigurationPlatforms) = preSolution
		Debug|Any CPU = Debug|Any CPU
		Release|Any CPU = Release|Any CPU
	EndGlobalSection
	GlobalSection(ProjectConfigurationPlatforms) = postSolution
		{25755C61-8E46-47EB-A7EA-14A551FEAE68}.Debug|Any CPU.ActiveCfg = Debug|Any CPU
		{25755C61-8E46-47EB-A7EA-14A551FEAE68}.Debug|Any CPU.Build.0 = Debug|Any CPU
		{25755C61-8E46-47EB-A7EA-14A551FEAE68}.Release|Any CPU.ActiveCfg = Release|Any CPU
		{25755C61-8E46-47EB-A7EA-14A551FEAE68}.Release|Any CPU.Build.0 = Release|Any CPU
	EndGlobalSection
	GlobalSection(SolutionProperties) = preSolution
		HideSolutionNode = FALSE
	EndGlobalSection
	GlobalSection(ExtensibilityGlobals) = postSolution
		SolutionGuid = {B8BCBD4B-6560-49FD-B81C-E522DD3896F6}
	EndGlobalSection
EndGlobal
