
Microsoft Visual Studio Solution File, Format Version 12.00
# Visual Studio Version 16
VisualStudioVersion = 16.0.30128.74
MinimumVisualStudioVersion = 10.0.40219.1
Project("{FAE04EC0-301F-11D3-BF4B-00C04F79EFBC}") = "Mask_Editors", "Mask_Editors.csproj", "{1EC7D3EE-4579-4147-B8E3-053A4B152BC6}"
EndProject
Global
	GlobalSection(SolutionConfigurationPlatforms) = preSolution
		Debug|Any CPU = Debug|Any CPU
		Release|Any CPU = Release|Any CPU
	EndGlobalSection
	GlobalSection(ProjectConfigurationPlatforms) = postSolution
		{1EC7D3EE-4579-4147-B8E3-053A4B152BC6}.Debug|Any CPU.ActiveCfg = Debug|Any CPU
		{1EC7D3EE-4579-4147-B8E3-053A4B152BC6}.Debug|Any CPU.Build.0 = Debug|Any CPU
		{1EC7D3EE-4579-4147-B8E3-053A4B152BC6}.Release|Any CPU.ActiveCfg = Release|Any CPU
		{1EC7D3EE-4579-4147-B8E3-053A4B152BC6}.Release|Any CPU.Build.0 = Release|Any CPU
	EndGlobalSection
	GlobalSection(SolutionProperties) = preSolution
		HideSolutionNode = FALSE
	EndGlobalSection
	GlobalSection(ExtensibilityGlobals) = postSolution
		SolutionGuid = {ACB22915-C0EF-471E-BE3A-6A7A93942C59}
	EndGlobalSection
EndGlobal
