
Microsoft Visual Studio Solution File, Format Version 12.00
# Visual Studio Version 16
VisualStudioVersion = 16.0.29613.14
MinimumVisualStudioVersion = 10.0.40219.1
Project("{FAE04EC0-301F-11D3-BF4B-00C04F79EFBC}") = "PropertyGrid-WPF", "PropertyGrid-WPF.csproj", "{A1426F92-FB37-4C64-A3B6-0A6C9D03877F}"
EndProject
Global
	GlobalSection(SolutionConfigurationPlatforms) = preSolution
		Debug|Any CPU = Debug|Any CPU
		Release|Any CPU = Release|Any CPU
	EndGlobalSection
	GlobalSection(ProjectConfigurationPlatforms) = postSolution
		{A1426F92-FB37-4C64-A3B6-0A6C9D03877F}.Debug|Any CPU.ActiveCfg = Debug|Any CPU
		{A1426F92-FB37-4C64-A3B6-0A6C9D03877F}.Debug|Any CPU.Build.0 = Debug|Any CPU
		{A1426F92-FB37-4C64-A3B6-0A6C9D03877F}.Release|Any CPU.ActiveCfg = Release|Any CPU
		{A1426F92-FB37-4C64-A3B6-0A6C9D03877F}.Release|Any CPU.Build.0 = Release|Any CPU
	EndGlobalSection
	GlobalSection(SolutionProperties) = preSolution
		HideSolutionNode = FALSE
	EndGlobalSection
	GlobalSection(ExtensibilityGlobals) = postSolution
		SolutionGuid = {BCFAD31D-4AD9-4B12-A7C2-6E9376765798}
	EndGlobalSection
EndGlobal
